<Solution>
  <Folder Name="/Solution Items/">
    <File Path=".dockerignore" />
    <File Path=".editorconfig" />
    <File Path=".env.example" />
    <File Path="CLAUDE.md" />
    <File Path="Directory.Build.props" />
    <File Path="Directory.Packages.props" />
    <File Path="docker-compose.yml" />
    <File Path="global.json" />
    <File Path="nuget.config" />
    <File Path="README.md" />
  </Folder>
  <Folder Name="/src/">
    <Project Path="src/CustomerService/CustomerService.csproj" />
    <Project Path="src/OrderService/OrderService.csproj" />
  </Folder>
  <Folder Name="/tests/">
    <Project Path="tests/CustomerService.UnitTests/CustomerService.UnitTests.csproj" />
    <Project Path="tests/OrderService.UnitTests/OrderService.UnitTests.csproj" />
  </Folder>
</Solution>
